// !$*UTF8*$!
{
	archiveVersion = 1;
	classes = {
	};
	objectVersion = 51;
	objects = {

/* Begin PBXBuildFile section */
		164BC4A724FF470F0092FD43 /* AppDelegate.swift in Sources */ = {isa = PBXBuildFile; fileRef = 164BC4A624FF470F0092FD43 /* AppDelegate.swift */; };
		164BC4A924FF470F0092FD43 /* SceneDelegate.swift in Sources */ = {isa = PBXBuildFile; fileRef = 164BC4A824FF470F0092FD43 /* SceneDelegate.swift */; };
		164BC4AB24FF470F0092FD43 /* ViewController.swift in Sources */ = {isa = PBXBuildFile; fileRef = 164BC4AA24FF470F0092FD43 /* ViewController.swift */; };
		164BC4AE24FF470F0092FD43 /* Main.storyboard in Resources */ = {isa = PBXBuildFile; fileRef = 164BC4AC24FF470F0092FD43 /* Main.storyboard */; };
		164BC4B124FF470F0092FD43 /* FlickrPhoto.xcdatamodeld in Sources */ = {isa = PBXBuildFile; fileRef = 164BC4AF24FF470F0092FD43 /* FlickrPhoto.xcdatamodeld */; };
		164BC4B324FF47110092FD43 /* Assets.xcassets in Resources */ = {isa = PBXBuildFile; fileRef = 164BC4B224FF47110092FD43 /* Assets.xcassets */; };
		164BC4B624FF47110092FD43 /* LaunchScreen.storyboard in Resources */ = {isa = PBXBuildFile; fileRef = 164BC4B424FF47110092FD43 /* LaunchScreen.storyboard */; };
		164E96AF24FF6125009D0846 /* HttpTask.swift in Sources */ = {isa = PBXBuildFile; fileRef = 164E96AE24FF6125009D0846 /* HttpTask.swift */; };
		164E96B124FF6134009D0846 /* FilckrPhotoAPI.swift in Sources */ = {isa = PBXBuildFile; fileRef = 164E96B024FF6134009D0846 /* FilckrPhotoAPI.swift */; };
		164E96B324FF613E009D0846 /* ConvertResult.swift in Sources */ = {isa = PBXBuildFile; fileRef = 164E96B224FF613E009D0846 /* ConvertResult.swift */; };
		164E96B524FF6153009D0846 /* Extension+String.swift in Sources */ = {isa = PBXBuildFile; fileRef = 164E96B424FF6153009D0846 /* Extension+String.swift */; };
		164E96B724FF615E009D0846 /* Photos.swift in Sources */ = {isa = PBXBuildFile; fileRef = 164E96B624FF615E009D0846 /* Photos.swift */; };
		164E96B92501DEB8009D0846 /* Extension+UIViewController.swift in Sources */ = {isa = PBXBuildFile; fileRef = 164E96B82501DEB8009D0846 /* Extension+UIViewController.swift */; };
		164E96BB2501DF11009D0846 /* SearchInputViewController.swift in Sources */ = {isa = PBXBuildFile; fileRef = 164E96BA2501DF11009D0846 /* SearchInputViewController.swift */; };
		164E96BD2501DF28009D0846 /* SearchResultViewController.swift in Sources */ = {isa = PBXBuildFile; fileRef = 164E96BC2501DF28009D0846 /* SearchResultViewController.swift */; };
		164E96BF2501DF3C009D0846 /* FavouritesViewController.swift in Sources */ = {isa = PBXBuildFile; fileRef = 164E96BE2501DF3C009D0846 /* FavouritesViewController.swift */; };
		164E96C12501DF4A009D0846 /* SearchInputViewControllerViewModel.swift in Sources */ = {isa = PBXBuildFile; fileRef = 164E96C02501DF4A009D0846 /* SearchInputViewControllerViewModel.swift */; };
		164E96C32501DF58009D0846 /* SearchResultViewControllerViewModel.swift in Sources */ = {isa = PBXBuildFile; fileRef = 164E96C22501DF58009D0846 /* SearchResultViewControllerViewModel.swift */; };
		164E96C52501DF67009D0846 /* FavouritesViewControllerViewModel.swift in Sources */ = {isa = PBXBuildFile; fileRef = 164E96C42501DF67009D0846 /* FavouritesViewControllerViewModel.swift */; };
		164E96C82501E358009D0846 /* Localizable.strings in Resources */ = {isa = PBXBuildFile; fileRef = 164E96CA2501E358009D0846 /* Localizable.strings */; };
		164E96D02501F0B4009D0846 /* SearchResultCollectionViewCell.swift in Sources */ = {isa = PBXBuildFile; fileRef = 164E96CE2501F0B4009D0846 /* SearchResultCollectionViewCell.swift */; };
		164E96D12501F0B4009D0846 /* SearchResultCollectionViewCell.xib in Resources */ = {isa = PBXBuildFile; fileRef = 164E96CF2501F0B4009D0846 /* SearchResultCollectionViewCell.xib */; };
		164E96D32501F0D9009D0846 /* Extension+UICollectionViewCell.swift in Sources */ = {isa = PBXBuildFile; fileRef = 164E96D22501F0D9009D0846 /* Extension+UICollectionViewCell.swift */; };
		164E96D525020E71009D0846 /* Extension+UIColor.swift in Sources */ = {isa = PBXBuildFile; fileRef = 164E96D425020E71009D0846 /* Extension+UIColor.swift */; };
		164E96D725021F6C009D0846 /* UserDefaultsTool.swift in Sources */ = {isa = PBXBuildFile; fileRef = 164E96D625021F6C009D0846 /* UserDefaultsTool.swift */; };
		164E96D925022BD8009D0846 /* Extension+Notification.swift in Sources */ = {isa = PBXBuildFile; fileRef = 164E96D825022BD8009D0846 /* Extension+Notification.swift */; };
		164E96DB250230CF009D0846 /* TabBarViewController.swift in Sources */ = {isa = PBXBuildFile; fileRef = 164E96DA250230CF009D0846 /* TabBarViewController.swift */; };
		C5F73226BFF598D56F50E319 /* Pods_FlickrPhoto.framework in Frameworks */ = {isa = PBXBuildFile; fileRef = 59FF491B2E3140E9A7F947D1 /* Pods_FlickrPhoto.framework */; };
/* End PBXBuildFile section */

/* Begin PBXFileReference section */
		164BC4A324FF470F0092FD43 /* FlickrPhoto.app */ = {isa = PBXFileReference; explicitFileType = wrapper.application; includeInIndex = 0; path = FlickrPhoto.app; sourceTree = BUILT_PRODUCTS_DIR; };
		164BC4A624FF470F0092FD43 /* AppDelegate.swift */ = {isa = PBXFileReference; lastKnownFileType = sourcecode.swift; path = AppDelegate.swift; sourceTree = "<group>"; };
		164BC4A824FF470F0092FD43 /* SceneDelegate.swift */ = {isa = PBXFileReference; lastKnownFileType = sourcecode.swift; path = SceneDelegate.swift; sourceTree = "<group>"; };
		164BC4AA24FF470F0092FD43 /* ViewController.swift */ = {isa = PBXFileReference; lastKnownFileType = sourcecode.swift; path = ViewController.swift; sourceTree = "<group>"; };
		164BC4AD24FF470F0092FD43 /* Base */ = {isa = PBXFileReference; lastKnownFileType = file.storyboard; name = Base; path = Base.lproj/Main.storyboard; sourceTree = "<group>"; };
		164BC4B024FF470F0092FD43 /* FlickrPhoto.xcdatamodel */ = {isa = PBXFileReference; lastKnownFileType = wrapper.xcdatamodel; path = FlickrPhoto.xcdatamodel; sourceTree = "<group>"; };
		164BC4B224FF47110092FD43 /* Assets.xcassets */ = {isa = PBXFileReference; lastKnownFileType = folder.assetcatalog; path = Assets.xcassets; sourceTree = "<group>"; };
		164BC4B524FF47110092FD43 /* Base */ = {isa = PBXFileReference; lastKnownFileType = file.storyboard; name = Base; path = Base.lproj/LaunchScreen.storyboard; sourceTree = "<group>"; };
		164BC4B724FF47110092FD43 /* Info.plist */ = {isa = PBXFileReference; lastKnownFileType = text.plist.xml; path = Info.plist; sourceTree = "<group>"; };
		164E96AE24FF6125009D0846 /* HttpTask.swift */ = {isa = PBXFileReference; lastKnownFileType = sourcecode.swift; path = HttpTask.swift; sourceTree = "<group>"; };
		164E96B024FF6134009D0846 /* FilckrPhotoAPI.swift */ = {isa = PBXFileReference; lastKnownFileType = sourcecode.swift; path = FilckrPhotoAPI.swift; sourceTree = "<group>"; };
		164E96B224FF613E009D0846 /* ConvertResult.swift */ = {isa = PBXFileReference; lastKnownFileType = sourcecode.swift; path = ConvertResult.swift; sourceTree = "<group>"; };
		164E96B424FF6153009D0846 /* Extension+String.swift */ = {isa = PBXFileReference; lastKnownFileType = sourcecode.swift; path = "Extension+String.swift"; sourceTree = "<group>"; };
		164E96B624FF615E009D0846 /* Photos.swift */ = {isa = PBXFileReference; lastKnownFileType = sourcecode.swift; path = Photos.swift; sourceTree = "<group>"; };
		164E96B82501DEB8009D0846 /* Extension+UIViewController.swift */ = {isa = PBXFileReference; lastKnownFileType = sourcecode.swift; path = "Extension+UIViewController.swift"; sourceTree = "<group>"; };
		164E96BA2501DF11009D0846 /* SearchInputViewController.swift */ = {isa = PBXFileReference; lastKnownFileType = sourcecode.swift; path = SearchInputViewController.swift; sourceTree = "<group>"; };
		164E96BC2501DF28009D0846 /* SearchResultViewController.swift */ = {isa = PBXFileReference; lastKnownFileType = sourcecode.swift; path = SearchResultViewController.swift; sourceTree = "<group>"; };
		164E96BE2501DF3C009D0846 /* FavouritesViewController.swift */ = {isa = PBXFileReference; lastKnownFileType = sourcecode.swift; path = FavouritesViewController.swift; sourceTree = "<group>"; };
		164E96C02501DF4A009D0846 /* SearchInputViewControllerViewModel.swift */ = {isa = PBXFileReference; lastKnownFileType = sourcecode.swift; path = SearchInputViewControllerViewModel.swift; sourceTree = "<group>"; };
		164E96C22501DF58009D0846 /* SearchResultViewControllerViewModel.swift */ = {isa = PBXFileReference; lastKnownFileType = sourcecode.swift; path = SearchResultViewControllerViewModel.swift; sourceTree = "<group>"; };
		164E96C42501DF67009D0846 /* FavouritesViewControllerViewModel.swift */ = {isa = PBXFileReference; lastKnownFileType = sourcecode.swift; path = FavouritesViewControllerViewModel.swift; sourceTree = "<group>"; };
		164E96C92501E358009D0846 /* en */ = {isa = PBXFileReference; lastKnownFileType = text.plist.strings; name = en; path = en.lproj/Localizable.strings; sourceTree = "<group>"; };
		164E96CB2501E397009D0846 /* zh-Hant */ = {isa = PBXFileReference; lastKnownFileType = text.plist.strings; name = "zh-Hant"; path = "zh-Hant.lproj/Main.strings"; sourceTree = "<group>"; };
		164E96CC2501E397009D0846 /* zh-Hant */ = {isa = PBXFileReference; lastKnownFileType = text.plist.strings; name = "zh-Hant"; path = "zh-Hant.lproj/LaunchScreen.strings"; sourceTree = "<group>"; };
		164E96CD2501E397009D0846 /* zh-Hant */ = {isa = PBXFileReference; lastKnownFileType = text.plist.strings; name = "zh-Hant"; path = "zh-Hant.lproj/Localizable.strings"; sourceTree = "<group>"; };
		164E96CE2501F0B4009D0846 /* SearchResultCollectionViewCell.swift */ = {isa = PBXFileReference; lastKnownFileType = sourcecode.swift; path = SearchResultCollectionViewCell.swift; sourceTree = "<group>"; };
		164E96CF2501F0B4009D0846 /* SearchResultCollectionViewCell.xib */ = {isa = PBXFileReference; lastKnownFileType = file.xib; path = SearchResultCollectionViewCell.xib; sourceTree = "<group>"; };
		164E96D22501F0D9009D0846 /* Extension+UICollectionViewCell.swift */ = {isa = PBXFileReference; lastKnownFileType = sourcecode.swift; path = "Extension+UICollectionViewCell.swift"; sourceTree = "<group>"; };
		164E96D425020E71009D0846 /* Extension+UIColor.swift */ = {isa = PBXFileReference; lastKnownFileType = sourcecode.swift; path = "Extension+UIColor.swift"; sourceTree = "<group>"; };
		164E96D625021F6C009D0846 /* UserDefaultsTool.swift */ = {isa = PBXFileReference; lastKnownFileType = sourcecode.swift; path = UserDefaultsTool.swift; sourceTree = "<group>"; };
		164E96D825022BD8009D0846 /* Extension+Notification.swift */ = {isa = PBXFileReference; lastKnownFileType = sourcecode.swift; path = "Extension+Notification.swift"; sourceTree = "<group>"; };
		164E96DA250230CF009D0846 /* TabBarViewController.swift */ = {isa = PBXFileReference; lastKnownFileType = sourcecode.swift; path = TabBarViewController.swift; sourceTree = "<group>"; };
		3B3B0286C994B0376D2981C1 /* Pods-FlickrPhoto.release.xcconfig */ = {isa = PBXFileReference; includeInIndex = 1; lastKnownFileType = text.xcconfig; name = "Pods-FlickrPhoto.release.xcconfig"; path = "Target Support Files/Pods-FlickrPhoto/Pods-FlickrPhoto.release.xcconfig"; sourceTree = "<group>"; };
		59FF491B2E3140E9A7F947D1 /* Pods_FlickrPhoto.framework */ = {isa = PBXFileReference; explicitFileType = wrapper.framework; includeInIndex = 0; path = Pods_FlickrPhoto.framework; sourceTree = BUILT_PRODUCTS_DIR; };
		AF0DC1160CA4F3B794905C8F /* Pods-FlickrPhoto.debug.xcconfig */ = {isa = PBXFileReference; includeInIndex = 1; lastKnownFileType = text.xcconfig; name = "Pods-FlickrPhoto.debug.xcconfig"; path = "Target Support Files/Pods-FlickrPhoto/Pods-FlickrPhoto.debug.xcconfig"; sourceTree = "<group>"; };
/* End PBXFileReference section */

/* Begin PBXFrameworksBuildPhase section */
		164BC4A024FF470F0092FD43 /* Frameworks */ = {
			isa = PBXFrameworksBuildPhase;
			buildActionMask = 2147483647;
			files = (
				C5F73226BFF598D56F50E319 /* Pods_FlickrPhoto.framework in Frameworks */,
			);
			runOnlyForDeploymentPostprocessing = 0;
		};
/* End PBXFrameworksBuildPhase section */

/* Begin PBXGroup section */
		164BC49A24FF470F0092FD43 = {
			isa = PBXGroup;
			children = (
				164BC4A524FF470F0092FD43 /* FlickrPhoto */,
				164BC4A424FF470F0092FD43 /* Products */,
				79D80ACBBB129E97647B8562 /* Pods */,
				F26E3DD7272E26DF86A1E1CD /* Frameworks */,
			);
			sourceTree = "<group>";
		};
		164BC4A424FF470F0092FD43 /* Products */ = {
			isa = PBXGroup;
			children = (
				164BC4A324FF470F0092FD43 /* FlickrPhoto.app */,
			);
			name = Products;
			sourceTree = "<group>";
		};
		164BC4A524FF470F0092FD43 /* FlickrPhoto */ = {
			isa = PBXGroup;
			children = (
				164E96CA2501E358009D0846 /* Localizable.strings */,
				164E96AD24FF60A4009D0846 /* API */,
				164E96AC24FF60A2009D0846 /* Tool */,
				164E96AB24FF609F009D0846 /* Model */,
				164E96AA24FF6097009D0846 /* Controller */,
				164E96A924FF6090009D0846 /* ViewModel */,
				164BC4A624FF470F0092FD43 /* AppDelegate.swift */,
				164BC4A824FF470F0092FD43 /* SceneDelegate.swift */,
				164BC4AA24FF470F0092FD43 /* ViewController.swift */,
				164BC4AC24FF470F0092FD43 /* Main.storyboard */,
				164BC4B224FF47110092FD43 /* Assets.xcassets */,
				164BC4B424FF47110092FD43 /* LaunchScreen.storyboard */,
				164BC4B724FF47110092FD43 /* Info.plist */,
				164BC4AF24FF470F0092FD43 /* FlickrPhoto.xcdatamodeld */,
			);
			path = FlickrPhoto;
			sourceTree = "<group>";
		};
		164E96A924FF6090009D0846 /* ViewModel */ = {
			isa = PBXGroup;
			children = (
				164E96C02501DF4A009D0846 /* SearchInputViewControllerViewModel.swift */,
				164E96C22501DF58009D0846 /* SearchResultViewControllerViewModel.swift */,
				164E96C42501DF67009D0846 /* FavouritesViewControllerViewModel.swift */,
			);
			path = ViewModel;
			sourceTree = "<group>";
		};
		164E96AA24FF6097009D0846 /* Controller */ = {
			isa = PBXGroup;
			children = (
				164E96DC2506156C009D0846 /* Cell */,
				164E96DA250230CF009D0846 /* TabBarViewController.swift */,
				164E96BA2501DF11009D0846 /* SearchInputViewController.swift */,
				164E96BC2501DF28009D0846 /* SearchResultViewController.swift */,
				164E96BE2501DF3C009D0846 /* FavouritesViewController.swift */,
			);
			path = Controller;
			sourceTree = "<group>";
		};
		164E96AB24FF609F009D0846 /* Model */ = {
			isa = PBXGroup;
			children = (
				164E96B624FF615E009D0846 /* Photos.swift */,
			);
			path = Model;
			sourceTree = "<group>";
		};
		164E96AC24FF60A2009D0846 /* Tool */ = {
			isa = PBXGroup;
			children = (
				164E96B424FF6153009D0846 /* Extension+String.swift */,
				164E96B82501DEB8009D0846 /* Extension+UIViewController.swift */,
				164E96D22501F0D9009D0846 /* Extension+UICollectionViewCell.swift */,
				164E96D425020E71009D0846 /* Extension+UIColor.swift */,
				164E96D825022BD8009D0846 /* Extension+Notification.swift */,
				164E96D625021F6C009D0846 /* UserDefaultsTool.swift */,
			);
			path = Tool;
			sourceTree = "<group>";
		};
		164E96AD24FF60A4009D0846 /* API */ = {
			isa = PBXGroup;
			children = (
				164E96AE24FF6125009D0846 /* HttpTask.swift */,
				164E96B024FF6134009D0846 /* FilckrPhotoAPI.swift */,
				164E96B224FF613E009D0846 /* ConvertResult.swift */,
			);
			path = API;
			sourceTree = "<group>";
		};
		164E96DC2506156C009D0846 /* Cell */ = {
			isa = PBXGroup;
			children = (
				164E96CE2501F0B4009D0846 /* SearchResultCollectionViewCell.swift */,
				164E96CF2501F0B4009D0846 /* SearchResultCollectionViewCell.xib */,
			);
			path = Cell;
			sourceTree = "<group>";
		};
		79D80ACBBB129E97647B8562 /* Pods */ = {
			isa = PBXGroup;
			children = (
				AF0DC1160CA4F3B794905C8F /* Pods-FlickrPhoto.debug.xcconfig */,
				3B3B0286C994B0376D2981C1 /* Pods-FlickrPhoto.release.xcconfig */,
			);
			path = Pods;
			sourceTree = "<group>";
		};
		F26E3DD7272E26DF86A1E1CD /* Frameworks */ = {
			isa = PBXGroup;
			children = (
				59FF491B2E3140E9A7F947D1 /* Pods_FlickrPhoto.framework */,
			);
			name = Frameworks;
			sourceTree = "<group>";
		};
/* End PBXGroup section */

/* Begin PBXNativeTarget section */
		164BC4A224FF470F0092FD43 /* FlickrPhoto */ = {
			isa = PBXNativeTarget;
			buildConfigurationList = 164BC4BA24FF47110092FD43 /* Build configuration list for PBXNativeTarget "FlickrPhoto" */;
			buildPhases = (
				357BAD58DB3F8AC64683F40E /* [CP] Check Pods Manifest.lock */,
				164BC49F24FF470F0092FD43 /* Sources */,
				164BC4A024FF470F0092FD43 /* Frameworks */,
				164BC4A124FF470F0092FD43 /* Resources */,
				FCE31A22425F5DEC5B372D77 /* [CP] Embed Pods Frameworks */,
			);
			buildRules = (
			);
			dependencies = (
			);
			name = FlickrPhoto;
			productName = FlickrPhoto;
			productReference = 164BC4A324FF470F0092FD43 /* FlickrPhoto.app */;
			productType = "com.apple.product-type.application";
		};
/* End PBXNativeTarget section */

/* Begin PBXProject section */
		164BC49B24FF470F0092FD43 /* Project object */ = {
			isa = PBXProject;
			attributes = {
				LastSwiftUpdateCheck = 1160;
				LastUpgradeCheck = 1160;
				ORGANIZATIONNAME = "李御楷";
				TargetAttributes = {
					164BC4A224FF470F0092FD43 = {
						CreatedOnToolsVersion = 11.6;
					};
				};
			};
			buildConfigurationList = 164BC49E24FF470F0092FD43 /* Build configuration list for PBXProject "FlickrPhoto" */;
			compatibilityVersion = "Xcode 9.3";
			developmentRegion = en;
			hasScannedForEncodings = 0;
			knownRegions = (
				en,
				Base,
				"zh-Hant",
			);
			mainGroup = 164BC49A24FF470F0092FD43;
			productRefGroup = 164BC4A424FF470F0092FD43 /* Products */;
			projectDirPath = "";
			projectRoot = "";
			targets = (
				164BC4A224FF470F0092FD43 /* FlickrPhoto */,
			);
		};
/* End PBXProject section */

/* Begin PBXResourcesBuildPhase section */
		164BC4A124FF470F0092FD43 /* Resources */ = {
			isa = PBXResourcesBuildPhase;
			buildActionMask = 2147483647;
			files = (
				164BC4B624FF47110092FD43 /* LaunchScreen.storyboard in Resources */,
				164E96C82501E358009D0846 /* Localizable.strings in Resources */,
				164BC4B324FF47110092FD43 /* Assets.xcassets in Resources */,
				164E96D12501F0B4009D0846 /* SearchResultCollectionViewCell.xib in Resources */,
				164BC4AE24FF470F0092FD43 /* Main.storyboard in Resources */,
			);
			runOnlyForDeploymentPostprocessing = 0;
		};
/* End PBXResourcesBuildPhase section */

/* Begin PBXShellScriptBuildPhase section */
		357BAD58DB3F8AC64683F40E /* [CP] Check Pods Manifest.lock */ = {
			isa = PBXShellScriptBuildPhase;
			buildActionMask = 2147483647;
			files = (
			);
			inputFileListPaths = (
			);
			inputPaths = (
				"${PODS_PODFILE_DIR_PATH}/Podfile.lock",
				"${PODS_ROOT}/Manifest.lock",
			);
			name = "[CP] Check Pods Manifest.lock";
			outputFileListPaths = (
			);
			outputPaths = (
				"$(DERIVED_FILE_DIR)/Pods-FlickrPhoto-checkManifestLockResult.txt",
			);
			runOnlyForDeploymentPostprocessing = 0;
			shellPath = /bin/sh;
			shellScript = "diff \"${PODS_PODFILE_DIR_PATH}/Podfile.lock\" \"${PODS_ROOT}/Manifest.lock\" > /dev/null\nif [ $? != 0 ] ; then\n    # print error to STDERR\n    echo \"error: The sandbox is not in sync with the Podfile.lock. Run 'pod install' or update your CocoaPods installation.\" >&2\n    exit 1\nfi\n# This output is used by Xcode 'outputs' to avoid re-running this script phase.\necho \"SUCCESS\" > \"${SCRIPT_OUTPUT_FILE_0}\"\n";
			showEnvVarsInLog = 0;
		};
		FCE31A22425F5DEC5B372D77 /* [CP] Embed Pods Frameworks */ = {
			isa = PBXShellScriptBuildPhase;
			buildActionMask = 2147483647;
			files = (
			);
			inputFileListPaths = (
				"${PODS_ROOT}/Target Support Files/Pods-FlickrPhoto/Pods-FlickrPhoto-frameworks-${CONFIGURATION}-input-files.xcfilelist",
			);
			name = "[CP] Embed Pods Frameworks";
			outputFileListPaths = (
				"${PODS_ROOT}/Target Support Files/Pods-FlickrPhoto/Pods-FlickrPhoto-frameworks-${CONFIGURATION}-output-files.xcfilelist",
			);
			runOnlyForDeploymentPostprocessing = 0;
			shellPath = /bin/sh;
			shellScript = "\"${PODS_ROOT}/Target Support Files/Pods-FlickrPhoto/Pods-FlickrPhoto-frameworks.sh\"\n";
			showEnvVarsInLog = 0;
		};
/* End PBXShellScriptBuildPhase section */

/* Begin PBXSourcesBuildPhase section */
		164BC49F24FF470F0092FD43 /* Sources */ = {
			isa = PBXSourcesBuildPhase;
			buildActionMask = 2147483647;
			files = (
				164E96BF2501DF3C009D0846 /* FavouritesViewController.swift in Sources */,
				164E96B724FF615E009D0846 /* Photos.swift in Sources */,
				164E96DB250230CF009D0846 /* TabBarViewController.swift in Sources */,
				164E96C32501DF58009D0846 /* SearchResultViewControllerViewModel.swift in Sources */,
				164E96B524FF6153009D0846 /* Extension+String.swift in Sources */,
				164E96D32501F0D9009D0846 /* Extension+UICollectionViewCell.swift in Sources */,
				164E96D725021F6C009D0846 /* UserDefaultsTool.swift in Sources */,
				164E96BB2501DF11009D0846 /* SearchInputViewController.swift in Sources */,
				164E96C12501DF4A009D0846 /* SearchInputViewControllerViewModel.swift in Sources */,
				164E96B124FF6134009D0846 /* FilckrPhotoAPI.swift in Sources */,
				164BC4AB24FF470F0092FD43 /* ViewController.swift in Sources */,
				164E96D02501F0B4009D0846 /* SearchResultCollectionViewCell.swift in Sources */,
				164BC4B124FF470F0092FD43 /* FlickrPhoto.xcdatamodeld in Sources */,
				164BC4A724FF470F0092FD43 /* AppDelegate.swift in Sources */,
				164E96AF24FF6125009D0846 /* HttpTask.swift in Sources */,
				164E96D525020E71009D0846 /* Extension+UIColor.swift in Sources */,
				164E96B324FF613E009D0846 /* ConvertResult.swift in Sources */,
				164E96B92501DEB8009D0846 /* Extension+UIViewController.swift in Sources */,
				164E96BD2501DF28009D0846 /* SearchResultViewController.swift in Sources */,
				164E96D925022BD8009D0846 /* Extension+Notification.swift in Sources */,
				164BC4A924FF470F0092FD43 /* SceneDelegate.swift in Sources */,
				164E96C52501DF67009D0846 /* FavouritesViewControllerViewModel.swift in Sources */,
			);
			runOnlyForDeploymentPostprocessing = 0;
		};
/* End PBXSourcesBuildPhase section */

/* Begin PBXVariantGroup section */
		164BC4AC24FF470F0092FD43 /* Main.storyboard */ = {
			isa = PBXVariantGroup;
			children = (
				164BC4AD24FF470F0092FD43 /* Base */,
				164E96CB2501E397009D0846 /* zh-Hant */,
			);
			name = Main.storyboard;
			sourceTree = "<group>";
		};
		164BC4B424FF47110092FD43 /* LaunchScreen.storyboard */ = {
			isa = PBXVariantGroup;
			children = (
				164BC4B524FF47110092FD43 /* Base */,
				164E96CC2501E397009D0846 /* zh-Hant */,
			);
			name = LaunchScreen.storyboard;
			sourceTree = "<group>";
		};
		164E96CA2501E358009D0846 /* Localizable.strings */ = {
			isa = PBXVariantGroup;
			children = (
				164E96C92501E358009D0846 /* en */,
				164E96CD2501E397009D0846 /* zh-Hant */,
			);
			name = Localizable.strings;
			sourceTree = "<group>";
		};
/* End PBXVariantGroup section */

/* Begin XCBuildConfiguration section */
		164BC4B824FF47110092FD43 /* Debug */ = {
			isa = XCBuildConfiguration;
			buildSettings = {
				ALWAYS_SEARCH_USER_PATHS = NO;
				CLANG_ANALYZER_LOCALIZABILITY_NONLOCALIZED = YES;
				CLANG_ANALYZER_NONNULL = YES;
				CLANG_ANALYZER_NUMBER_OBJECT_CONVERSION = YES_AGGRESSIVE;
				CLANG_CXX_LANGUAGE_STANDARD = "gnu++14";
				CLANG_CXX_LIBRARY = "libc++";
				CLANG_ENABLE_MODULES = YES;
				CLANG_ENABLE_OBJC_ARC = YES;
				CLANG_ENABLE_OBJC_WEAK = YES;
				CLANG_WARN_BLOCK_CAPTURE_AUTORELEASING = YES;
				CLANG_WARN_BOOL_CONVERSION = YES;
				CLANG_WARN_COMMA = YES;
				CLANG_WARN_CONSTANT_CONVERSION = YES;
				CLANG_WARN_DEPRECATED_OBJC_IMPLEMENTATIONS = YES;
				CLANG_WARN_DIRECT_OBJC_ISA_USAGE = YES_ERROR;
				CLANG_WARN_DOCUMENTATION_COMMENTS = YES;
				CLANG_WARN_EMPTY_BODY = YES;
				CLANG_WARN_ENUM_CONVERSION = YES;
				CLANG_WARN_INFINITE_RECURSION = YES;
				CLANG_WARN_INT_CONVERSION = YES;
				CLANG_WARN_NON_LITERAL_NULL_CONVERSION = YES;
				CLANG_WARN_OBJC_IMPLICIT_RETAIN_SELF = YES;
				CLANG_WARN_OBJC_LITERAL_CONVERSION = YES;
				CLANG_WARN_OBJC_ROOT_CLASS = YES_ERROR;
				CLANG_WARN_RANGE_LOOP_ANALYSIS = YES;
				CLANG_WARN_STRICT_PROTOTYPES = YES;
				CLANG_WARN_SUSPICIOUS_MOVE = YES;
				CLANG_WARN_UNGUARDED_AVAILABILITY = YES_AGGRESSIVE;
				CLANG_WARN_UNREACHABLE_CODE = YES;
				CLANG_WARN__DUPLICATE_METHOD_MATCH = YES;
				COPY_PHASE_STRIP = NO;
				DEBUG_INFORMATION_FORMAT = dwarf;
				ENABLE_STRICT_OBJC_MSGSEND = YES;
				ENABLE_TESTABILITY = YES;
				GCC_C_LANGUAGE_STANDARD = gnu11;
				GCC_DYNAMIC_NO_PIC = NO;
				GCC_NO_COMMON_BLOCKS = YES;
				GCC_OPTIMIZATION_LEVEL = 0;
				GCC_PREPROCESSOR_DEFINITIONS = (
					"DEBUG=1",
					"$(inherited)",
				);
				GCC_WARN_64_TO_32_BIT_CONVERSION = YES;
				GCC_WARN_ABOUT_RETURN_TYPE = YES_ERROR;
				GCC_WARN_UNDECLARED_SELECTOR = YES;
				GCC_WARN_UNINITIALIZED_AUTOS = YES_AGGRESSIVE;
				GCC_WARN_UNUSED_FUNCTION = YES;
				GCC_WARN_UNUSED_VARIABLE = YES;
				IPHONEOS_DEPLOYMENT_TARGET = 13.6;
				MTL_ENABLE_DEBUG_INFO = INCLUDE_SOURCE;
				MTL_FAST_MATH = YES;
				ONLY_ACTIVE_ARCH = YES;
				SDKROOT = iphoneos;
				SWIFT_ACTIVE_COMPILATION_CONDITIONS = DEBUG;
				SWIFT_OPTIMIZATION_LEVEL = "-Onone";
			};
			name = Debug;
		};
		164BC4B924FF47110092FD43 /* Release */ = {
			isa = XCBuildConfiguration;
			buildSettings = {
				ALWAYS_SEARCH_USER_PATHS = NO;
				CLANG_ANALYZER_LOCALIZABILITY_NONLOCALIZED = YES;
				CLANG_ANALYZER_NONNULL = YES;
				CLANG_ANALYZER_NUMBER_OBJECT_CONVERSION = YES_AGGRESSIVE;
				CLANG_CXX_LANGUAGE_STANDARD = "gnu++14";
				CLANG_CXX_LIBRARY = "libc++";
				CLANG_ENABLE_MODULES = YES;
				CLANG_ENABLE_OBJC_ARC = YES;
				CLANG_ENABLE_OBJC_WEAK = YES;
				CLANG_WARN_BLOCK_CAPTURE_AUTORELEASING = YES;
				CLANG_WARN_BOOL_CONVERSION = YES;
				CLANG_WARN_COMMA = YES;
				CLANG_WARN_CONSTANT_CONVERSION = YES;
				CLANG_WARN_DEPRECATED_OBJC_IMPLEMENTATIONS = YES;
				CLANG_WARN_DIRECT_OBJC_ISA_USAGE = YES_ERROR;
				CLANG_WARN_DOCUMENTATION_COMMENTS = YES;
				CLANG_WARN_EMPTY_BODY = YES;
				CLANG_WARN_ENUM_CONVERSION = YES;
				CLANG_WARN_INFINITE_RECURSION = YES;
				CLANG_WARN_INT_CONVERSION = YES;
				CLANG_WARN_NON_LITERAL_NULL_CONVERSION = YES;
				CLANG_WARN_OBJC_IMPLICIT_RETAIN_SELF = YES;
				CLANG_WARN_OBJC_LITERAL_CONVERSION = YES;
				CLANG_WARN_OBJC_ROOT_CLASS = YES_ERROR;
				CLANG_WARN_RANGE_LOOP_ANALYSIS = YES;
				CLANG_WARN_STRICT_PROTOTYPES = YES;
				CLANG_WARN_SUSPICIOUS_MOVE = YES;
				CLANG_WARN_UNGUARDED_AVAILABILITY = YES_AGGRESSIVE;
				CLANG_WARN_UNREACHABLE_CODE = YES;
				CLANG_WARN__DUPLICATE_METHOD_MATCH = YES;
				COPY_PHASE_STRIP = NO;
				DEBUG_INFORMATION_FORMAT = "dwarf-with-dsym";
				ENABLE_NS_ASSERTIONS = NO;
				ENABLE_STRICT_OBJC_MSGSEND = YES;
				GCC_C_LANGUAGE_STANDARD = gnu11;
				GCC_NO_COMMON_BLOCKS = YES;
				GCC_WARN_64_TO_32_BIT_CONVERSION = YES;
				GCC_WARN_ABOUT_RETURN_TYPE = YES_ERROR;
				GCC_WARN_UNDECLARED_SELECTOR = YES;
				GCC_WARN_UNINITIALIZED_AUTOS = YES_AGGRESSIVE;
				GCC_WARN_UNUSED_FUNCTION = YES;
				GCC_WARN_UNUSED_VARIABLE = YES;
				IPHONEOS_DEPLOYMENT_TARGET = 13.6;
				MTL_ENABLE_DEBUG_INFO = NO;
				MTL_FAST_MATH = YES;
				SDKROOT = iphoneos;
				SWIFT_COMPILATION_MODE = wholemodule;
				SWIFT_OPTIMIZATION_LEVEL = "-O";
				VALIDATE_PRODUCT = YES;
			};
			name = Release;
		};
		164BC4BB24FF47110092FD43 /* Debug */ = {
			isa = XCBuildConfiguration;
			baseConfigurationReference = AF0DC1160CA4F3B794905C8F /* Pods-FlickrPhoto.debug.xcconfig */;
			buildSettings = {
				ASSETCATALOG_COMPILER_APPICON_NAME = AppIcon;
				CODE_SIGN_STYLE = Automatic;
				DEVELOPMENT_TEAM = YV96Y6QW7P;
				INFOPLIST_FILE = FlickrPhoto/Info.plist;
				LD_RUNPATH_SEARCH_PATHS = (
					"$(inherited)",
					"@executable_path/Frameworks",
				);
				PRODUCT_BUNDLE_IDENTIFIER = com.yukai.FlickrPhoto;
				PRODUCT_NAME = "$(TARGET_NAME)";
				SWIFT_VERSION = 5.0;
				TARGETED_DEVICE_FAMILY = "1,2";
			};
			name = Debug;
		};
		164BC4BC24FF47110092FD43 /* Release */ = {
			isa = XCBuildConfiguration;
			baseConfigurationReference = 3B3B0286C994B0376D2981C1 /* Pods-FlickrPhoto.release.xcconfig */;
			buildSettings = {
				ASSETCATALOG_COMPILER_APPICON_NAME = AppIcon;
				CODE_SIGN_STYLE = Automatic;
				DEVELOPMENT_TEAM = YV96Y6QW7P;
				INFOPLIST_FILE = FlickrPhoto/Info.plist;
				LD_RUNPATH_SEARCH_PATHS = (
					"$(inherited)",
					"@executable_path/Frameworks",
				);
				PRODUCT_BUNDLE_IDENTIFIER = com.yukai.FlickrPhoto;
				PRODUCT_NAME = "$(TARGET_NAME)";
				SWIFT_VERSION = 5.0;
				TARGETED_DEVICE_FAMILY = "1,2";
			};
			name = Release;
		};
/* End XCBuildConfiguration section */

/* Begin XCConfigurationList section */
		164BC49E24FF470F0092FD43 /* Build configuration list for PBXProject "FlickrPhoto" */ = {
			isa = XCConfigurationList;
			buildConfigurations = (
				164BC4B824FF47110092FD43 /* Debug */,
				164BC4B924FF47110092FD43 /* Release */,
			);
			defaultConfigurationIsVisible = 0;
			defaultConfigurationName = Release;
		};
		164BC4BA24FF47110092FD43 /* Build configuration list for PBXNativeTarget "FlickrPhoto" */ = {
			isa = XCConfigurationList;
			buildConfigurations = (
				164BC4BB24FF47110092FD43 /* Debug */,
				164BC4BC24FF47110092FD43 /* Release */,
			);
			defaultConfigurationIsVisible = 0;
			defaultConfigurationName = Release;
		};
/* End XCConfigurationList section */

/* Begin XCVersionGroup section */
		164BC4AF24FF470F0092FD43 /* FlickrPhoto.xcdatamodeld */ = {
			isa = XCVersionGroup;
			children = (
				164BC4B024FF470F0092FD43 /* FlickrPhoto.xcdatamodel */,
			);
			currentVersion = 164BC4B024FF470F0092FD43 /* FlickrPhoto.xcdatamodel */;
			path = FlickrPhoto.xcdatamodeld;
			sourceTree = "<group>";
			versionGroupType = wrapper.xcdatamodel;
		};
/* End XCVersionGroup section */
	};
	rootObject = 164BC49B24FF470F0092FD43 /* Project object */;
}
